// !$*UTF8*$!
{
	archiveVersion = 1;
	classes = {
	};
	objectVersion = 56;
	objects = {

/* Begin PBXBuildFile section */
		8C0242C42B2C92B200978209 /* SettingsViewController.swift in Sources */ = {isa = PBXBuildFile; fileRef = 8C0242C32B2C92B200978209 /* SettingsViewController.swift */; };
		8C0242C62B2C92E600978209 /* SettingsSelectionViewController.swift in Sources */ = {isa = PBXBuildFile; fileRef = 8C0242C52B2C92E600978209 /* SettingsSelectionViewController.swift */; };
		8C0242C82B2C92F600978209 /* CalculationHistoryViewController.swift in Sources */ = {isa = PBXBuildFile; fileRef = 8C0242C72B2C92F600978209 /* CalculationHistoryViewController.swift */; };
		8C0242CD2B2C964C00978209 /* SwitchTableViewCell.swift in Sources */ = {isa = PBXBuildFile; fileRef = 8C0242CB2B2C964C00978209 /* SwitchTableViewCell.swift */; };
		8C0242CE2B2C964C00978209 /* SwitchTableViewCell.xib in Resources */ = {isa = PBXBuildFile; fileRef = 8C0242CC2B2C964C00978209 /* SwitchTableViewCell.xib */; };
		8C4530DF2B2C7D4200B322DF /* DecimalViewController.swift in Sources */ = {isa = PBXBuildFile; fileRef = 8C4530DE2B2C7D4200B322DF /* DecimalViewController.swift */; };
		8CC151332B2B754C00B1FDD8 /* AppDelegate.swift in Sources */ = {isa = PBXBuildFile; fileRef = 8CC151322B2B754C00B1FDD8 /* AppDelegate.swift */; };
		8CC151352B2B754C00B1FDD8 /* SceneDelegate.swift in Sources */ = {isa = PBXBuildFile; fileRef = 8CC151342B2B754C00B1FDD8 /* SceneDelegate.swift */; };
		8CC1513A2B2B754C00B1FDD8 /* Main.storyboard in Resources */ = {isa = PBXBuildFile; fileRef = 8CC151382B2B754C00B1FDD8 /* Main.storyboard */; };
		8CC1513D2B2B754C00B1FDD8 /* qure_ai_Calculator_Test.xcdatamodeld in Sources */ = {isa = PBXBuildFile; fileRef = 8CC1513B2B2B754C00B1FDD8 /* qure_ai_Calculator_Test.xcdatamodeld */; };
		8CC1513F2B2B754E00B1FDD8 /* Assets.xcassets in Resources */ = {isa = PBXBuildFile; fileRef = 8CC1513E2B2B754E00B1FDD8 /* Assets.xcassets */; };
		8CC151422B2B754E00B1FDD8 /* LaunchScreen.storyboard in Resources */ = {isa = PBXBuildFile; fileRef = 8CC151402B2B754E00B1FDD8 /* LaunchScreen.storyboard */; };
		8CC151502B2B771300B1FDD8 /* RoundButton.swift in Sources */ = {isa = PBXBuildFile; fileRef = 8CC1514F2B2B771300B1FDD8 /* RoundButton.swift */; };
		8CC151522B2B774000B1FDD8 /* TextTableViewCell.swift in Sources */ = {isa = PBXBuildFile; fileRef = 8CC151512B2B774000B1FDD8 /* TextTableViewCell.swift */; };
		8CC151552B2B779500B1FDD8 /* SelectionTableViewCell.swift in Sources */ = {isa = PBXBuildFile; fileRef = 8CC151542B2B779500B1FDD8 /* SelectionTableViewCell.swift */; };
		8CC151572B2B780300B1FDD8 /* SelectionSummaryTableViewCell.swift in Sources */ = {isa = PBXBuildFile; fileRef = 8CC151562B2B780300B1FDD8 /* SelectionSummaryTableViewCell.swift */; };
		8CC1515A2B2B784000B1FDD8 /* ImageTableViewCell.swift in Sources */ = {isa = PBXBuildFile; fileRef = 8CC151592B2B784000B1FDD8 /* ImageTableViewCell.swift */; };
		8CC1515C2B2B78BB00B1FDD8 /* Formatter+BinaryString.swift in Sources */ = {isa = PBXBuildFile; fileRef = 8CC1515B2B2B78BB00B1FDD8 /* Formatter+BinaryString.swift */; };
		8CC1515E2B2B78E600B1FDD8 /* Formatter+ScientificNotation.swift in Sources */ = {isa = PBXBuildFile; fileRef = 8CC1515D2B2B78E600B1FDD8 /* Formatter+ScientificNotation.swift */; };
		8CC151602B2B790800B1FDD8 /* UIWindow+isLandscape.swift in Sources */ = {isa = PBXBuildFile; fileRef = 8CC1515F2B2B790800B1FDD8 /* UIWindow+isLandscape.swift */; };
		8CC151622B2B797300B1FDD8 /* StateController.swift in Sources */ = {isa = PBXBuildFile; fileRef = 8CC151612B2B797300B1FDD8 /* StateController.swift */; };
		8CC151642B2B799B00B1FDD8 /* UserPreferences.swift in Sources */ = {isa = PBXBuildFile; fileRef = 8CC151632B2B799B00B1FDD8 /* UserPreferences.swift */; };
		8CC151662B2B79F000B1FDD8 /* DataPersistence.swift in Sources */ = {isa = PBXBuildFile; fileRef = 8CC151652B2B79F000B1FDD8 /* DataPersistence.swift */; };
		8CC151682B2B7A1A00B1FDD8 /* UIHelper.swift in Sources */ = {isa = PBXBuildFile; fileRef = 8CC151672B2B7A1A00B1FDD8 /* UIHelper.swift */; };
		8CC1516A2B2B7A8F00B1FDD8 /* ColourNumberConverter.swift in Sources */ = {isa = PBXBuildFile; fileRef = 8CC151692B2B7A8F00B1FDD8 /* ColourNumberConverter.swift */; };
		8CC1516C2B2B7B1500B1FDD8 /* CopyOrPasteActionConverter.swift in Sources */ = {isa = PBXBuildFile; fileRef = 8CC1516B2B2B7B1500B1FDD8 /* CopyOrPasteActionConverter.swift */; };
		8CC1516E2B2B7B4B00B1FDD8 /* HistoryButtonViewConverter.swift in Sources */ = {isa = PBXBuildFile; fileRef = 8CC1516D2B2B7B4B00B1FDD8 /* HistoryButtonViewConverter.swift */; };
		8CC151702B2B7B8700B1FDD8 /* Operation.swift in Sources */ = {isa = PBXBuildFile; fileRef = 8CC1516F2B2B7B8700B1FDD8 /* Operation.swift */; };
		8CC151722B2B7BA300B1FDD8 /* CalculationData.swift in Sources */ = {isa = PBXBuildFile; fileRef = 8CC151712B2B7BA300B1FDD8 /* CalculationData.swift */; };
/* End PBXBuildFile section */

/* Begin PBXFileReference section */
		8C0242C32B2C92B200978209 /* SettingsViewController.swift */ = {isa = PBXFileReference; lastKnownFileType = sourcecode.swift; path = SettingsViewController.swift; sourceTree = "<group>"; };
		8C0242C52B2C92E600978209 /* SettingsSelectionViewController.swift */ = {isa = PBXFileReference; lastKnownFileType = sourcecode.swift; path = SettingsSelectionViewController.swift; sourceTree = "<group>"; };
		8C0242C72B2C92F600978209 /* CalculationHistoryViewController.swift */ = {isa = PBXFileReference; lastKnownFileType = sourcecode.swift; path = CalculationHistoryViewController.swift; sourceTree = "<group>"; };
		8C0242CB2B2C964C00978209 /* SwitchTableViewCell.swift */ = {isa = PBXFileReference; lastKnownFileType = sourcecode.swift; path = SwitchTableViewCell.swift; sourceTree = "<group>"; };
		8C0242CC2B2C964C00978209 /* SwitchTableViewCell.xib */ = {isa = PBXFileReference; lastKnownFileType = file.xib; path = SwitchTableViewCell.xib; sourceTree = "<group>"; };
		8C4530DE2B2C7D4200B322DF /* DecimalViewController.swift */ = {isa = PBXFileReference; lastKnownFileType = sourcecode.swift; path = DecimalViewController.swift; sourceTree = "<group>"; };
		8CC1512F2B2B754C00B1FDD8 /* qure.ai Calculator Test.app */ = {isa = PBXFileReference; explicitFileType = wrapper.application; includeInIndex = 0; path = "qure.ai Calculator Test.app"; sourceTree = BUILT_PRODUCTS_DIR; };
		8CC151322B2B754C00B1FDD8 /* AppDelegate.swift */ = {isa = PBXFileReference; lastKnownFileType = sourcecode.swift; path = AppDelegate.swift; sourceTree = "<group>"; };
		8CC151342B2B754C00B1FDD8 /* SceneDelegate.swift */ = {isa = PBXFileReference; lastKnownFileType = sourcecode.swift; path = SceneDelegate.swift; sourceTree = "<group>"; };
		8CC151392B2B754C00B1FDD8 /* Base */ = {isa = PBXFileReference; lastKnownFileType = file.storyboard; name = Base; path = Base.lproj/Main.storyboard; sourceTree = "<group>"; };
		8CC1513C2B2B754C00B1FDD8 /* qure_ai_Calculator_Test.xcdatamodel */ = {isa = PBXFileReference; lastKnownFileType = wrapper.xcdatamodel; path = qure_ai_Calculator_Test.xcdatamodel; sourceTree = "<group>"; };
		8CC1513E2B2B754E00B1FDD8 /* Assets.xcassets */ = {isa = PBXFileReference; lastKnownFileType = folder.assetcatalog; path = Assets.xcassets; sourceTree = "<group>"; };
		8CC151412B2B754E00B1FDD8 /* Base */ = {isa = PBXFileReference; lastKnownFileType = file.storyboard; name = Base; path = Base.lproj/LaunchScreen.storyboard; sourceTree = "<group>"; };
		8CC151432B2B754E00B1FDD8 /* Info.plist */ = {isa = PBXFileReference; lastKnownFileType = text.plist.xml; path = Info.plist; sourceTree = "<group>"; };
		8CC1514F2B2B771300B1FDD8 /* RoundButton.swift */ = {isa = PBXFileReference; lastKnownFileType = sourcecode.swift; path = RoundButton.swift; sourceTree = "<group>"; };
		8CC151512B2B774000B1FDD8 /* TextTableViewCell.swift */ = {isa = PBXFileReference; lastKnownFileType = sourcecode.swift; path = TextTableViewCell.swift; sourceTree = "<group>"; };
		8CC151542B2B779500B1FDD8 /* SelectionTableViewCell.swift */ = {isa = PBXFileReference; lastKnownFileType = sourcecode.swift; path = SelectionTableViewCell.swift; sourceTree = "<group>"; };
		8CC151562B2B780300B1FDD8 /* SelectionSummaryTableViewCell.swift */ = {isa = PBXFileReference; lastKnownFileType = sourcecode.swift; path = SelectionSummaryTableViewCell.swift; sourceTree = "<group>"; };
		8CC151592B2B784000B1FDD8 /* ImageTableViewCell.swift */ = {isa = PBXFileReference; lastKnownFileType = sourcecode.swift; path = ImageTableViewCell.swift; sourceTree = "<group>"; };
		8CC1515B2B2B78BB00B1FDD8 /* Formatter+BinaryString.swift */ = {isa = PBXFileReference; lastKnownFileType = sourcecode.swift; path = "Formatter+BinaryString.swift"; sourceTree = "<group>"; };
		8CC1515D2B2B78E600B1FDD8 /* Formatter+ScientificNotation.swift */ = {isa = PBXFileReference; lastKnownFileType = sourcecode.swift; path = "Formatter+ScientificNotation.swift"; sourceTree = "<group>"; };
		8CC1515F2B2B790800B1FDD8 /* UIWindow+isLandscape.swift */ = {isa = PBXFileReference; lastKnownFileType = sourcecode.swift; path = "UIWindow+isLandscape.swift"; sourceTree = "<group>"; };
		8CC151612B2B797300B1FDD8 /* StateController.swift */ = {isa = PBXFileReference; lastKnownFileType = sourcecode.swift; path = StateController.swift; sourceTree = "<group>"; };
		8CC151632B2B799B00B1FDD8 /* UserPreferences.swift */ = {isa = PBXFileReference; lastKnownFileType = sourcecode.swift; path = UserPreferences.swift; sourceTree = "<group>"; };
		8CC151652B2B79F000B1FDD8 /* DataPersistence.swift */ = {isa = PBXFileReference; lastKnownFileType = sourcecode.swift; path = DataPersistence.swift; sourceTree = "<group>"; };
		8CC151672B2B7A1A00B1FDD8 /* UIHelper.swift */ = {isa = PBXFileReference; lastKnownFileType = sourcecode.swift; path = UIHelper.swift; sourceTree = "<group>"; };
		8CC151692B2B7A8F00B1FDD8 /* ColourNumberConverter.swift */ = {isa = PBXFileReference; lastKnownFileType = sourcecode.swift; path = ColourNumberConverter.swift; sourceTree = "<group>"; };
		8CC1516B2B2B7B1500B1FDD8 /* CopyOrPasteActionConverter.swift */ = {isa = PBXFileReference; lastKnownFileType = sourcecode.swift; path = CopyOrPasteActionConverter.swift; sourceTree = "<group>"; };
		8CC1516D2B2B7B4B00B1FDD8 /* HistoryButtonViewConverter.swift */ = {isa = PBXFileReference; lastKnownFileType = sourcecode.swift; path = HistoryButtonViewConverter.swift; sourceTree = "<group>"; };
		8CC1516F2B2B7B8700B1FDD8 /* Operation.swift */ = {isa = PBXFileReference; lastKnownFileType = sourcecode.swift; path = Operation.swift; sourceTree = "<group>"; };
		8CC151712B2B7BA300B1FDD8 /* CalculationData.swift */ = {isa = PBXFileReference; lastKnownFileType = sourcecode.swift; path = CalculationData.swift; sourceTree = "<group>"; };
/* End PBXFileReference section */

/* Begin PBXFrameworksBuildPhase section */
		8CC1512C2B2B754C00B1FDD8 /* Frameworks */ = {
			isa = PBXFrameworksBuildPhase;
			buildActionMask = 2147483647;
			files = (
			);
			runOnlyForDeploymentPostprocessing = 0;
		};
/* End PBXFrameworksBuildPhase section */

/* Begin PBXGroup section */
		8CC151262B2B754C00B1FDD8 = {
			isa = PBXGroup;
			children = (
				8CC151312B2B754C00B1FDD8 /* qure.ai Calculator Test */,
				8CC151302B2B754C00B1FDD8 /* Products */,
			);
			sourceTree = "<group>";
		};
		8CC151302B2B754C00B1FDD8 /* Products */ = {
			isa = PBXGroup;
			children = (
				8CC1512F2B2B754C00B1FDD8 /* qure.ai Calculator Test.app */,
			);
			name = Products;
			sourceTree = "<group>";
		};
		8CC151312B2B754C00B1FDD8 /* qure.ai Calculator Test */ = {
			isa = PBXGroup;
			children = (
				8CC1514E2B2B76B000B1FDD8 /* Views */,
				8CC1514D2B2B76A200B1FDD8 /* ViewControllers */,
				8CC1514C2B2B769500B1FDD8 /* Extensions */,
				8CC1514B2B2B768700B1FDD8 /* Model */,
				8CC151492B2B75C500B1FDD8 /* Resources */,
				8CC151322B2B754C00B1FDD8 /* AppDelegate.swift */,
				8CC151342B2B754C00B1FDD8 /* SceneDelegate.swift */,
				8CC151432B2B754E00B1FDD8 /* Info.plist */,
			);
			path = "qure.ai Calculator Test";
			sourceTree = "<group>";
		};
		8CC151492B2B75C500B1FDD8 /* Resources */ = {
			isa = PBXGroup;
			children = (
				8CC1513E2B2B754E00B1FDD8 /* Assets.xcassets */,
				8CC1513B2B2B754C00B1FDD8 /* qure_ai_Calculator_Test.xcdatamodeld */,
				8CC1514A2B2B75D600B1FDD8 /* Storyboards */,
			);
			path = Resources;
			sourceTree = "<group>";
		};
		8CC1514A2B2B75D600B1FDD8 /* Storyboards */ = {
			isa = PBXGroup;
			children = (
				8CC151402B2B754E00B1FDD8 /* LaunchScreen.storyboard */,
				8CC151382B2B754C00B1FDD8 /* Main.storyboard */,
			);
			path = Storyboards;
			sourceTree = "<group>";
		};
		8CC1514B2B2B768700B1FDD8 /* Model */ = {
			isa = PBXGroup;
			children = (
				8CC151612B2B797300B1FDD8 /* StateController.swift */,
				8CC151632B2B799B00B1FDD8 /* UserPreferences.swift */,
				8CC151652B2B79F000B1FDD8 /* DataPersistence.swift */,
				8CC151672B2B7A1A00B1FDD8 /* UIHelper.swift */,
				8CC151692B2B7A8F00B1FDD8 /* ColourNumberConverter.swift */,
				8CC1516B2B2B7B1500B1FDD8 /* CopyOrPasteActionConverter.swift */,
				8CC1516D2B2B7B4B00B1FDD8 /* HistoryButtonViewConverter.swift */,
				8CC1516F2B2B7B8700B1FDD8 /* Operation.swift */,
				8CC151712B2B7BA300B1FDD8 /* CalculationData.swift */,
			);
			path = Model;
			sourceTree = "<group>";
		};
		8CC1514C2B2B769500B1FDD8 /* Extensions */ = {
			isa = PBXGroup;
			children = (
				8CC1515B2B2B78BB00B1FDD8 /* Formatter+BinaryString.swift */,
				8CC1515D2B2B78E600B1FDD8 /* Formatter+ScientificNotation.swift */,
				8CC1515F2B2B790800B1FDD8 /* UIWindow+isLandscape.swift */,
			);
			path = Extensions;
			sourceTree = "<group>";
		};
		8CC1514D2B2B76A200B1FDD8 /* ViewControllers */ = {
			isa = PBXGroup;
			children = (
				8C4530DE2B2C7D4200B322DF /* DecimalViewController.swift */,
				8C0242C32B2C92B200978209 /* SettingsViewController.swift */,
				8C0242C52B2C92E600978209 /* SettingsSelectionViewController.swift */,
				8C0242C72B2C92F600978209 /* CalculationHistoryViewController.swift */,
			);
			path = ViewControllers;
			sourceTree = "<group>";
		};
		8CC1514E2B2B76B000B1FDD8 /* Views */ = {
			isa = PBXGroup;
			children = (
				8CC1514F2B2B771300B1FDD8 /* RoundButton.swift */,
				8CC151512B2B774000B1FDD8 /* TextTableViewCell.swift */,
				8CC151542B2B779500B1FDD8 /* SelectionTableViewCell.swift */,
				8CC151562B2B780300B1FDD8 /* SelectionSummaryTableViewCell.swift */,
				8CC151592B2B784000B1FDD8 /* ImageTableViewCell.swift */,
				8C0242CB2B2C964C00978209 /* SwitchTableViewCell.swift */,
				8C0242CC2B2C964C00978209 /* SwitchTableViewCell.xib */,
			);
			path = Views;
			sourceTree = "<group>";
		};
/* End PBXGroup section */

/* Begin PBXNativeTarget section */
		8CC1512E2B2B754C00B1FDD8 /* qure.ai Calculator Test */ = {
			isa = PBXNativeTarget;
			buildConfigurationList = 8CC151462B2B754E00B1FDD8 /* Build configuration list for PBXNativeTarget "qure.ai Calculator Test" */;
			buildPhases = (
				8CC1512B2B2B754C00B1FDD8 /* Sources */,
				8CC1512C2B2B754C00B1FDD8 /* Frameworks */,
				8CC1512D2B2B754C00B1FDD8 /* Resources */,
			);
			buildRules = (
			);
			dependencies = (
			);
			name = "qure.ai Calculator Test";
			productName = "qure.ai Calculator Test";
			productReference = 8CC1512F2B2B754C00B1FDD8 /* qure.ai Calculator Test.app */;
			productType = "com.apple.product-type.application";
		};
/* End PBXNativeTarget section */

/* Begin PBXProject section */
		8CC151272B2B754C00B1FDD8 /* Project object */ = {
			isa = PBXProject;
			attributes = {
				BuildIndependentTargetsInParallel = 1;
				LastSwiftUpdateCheck = 1420;
				LastUpgradeCheck = 1420;
				TargetAttributes = {
					8CC1512E2B2B754C00B1FDD8 = {
						CreatedOnToolsVersion = 14.2;
					};
				};
			};
			buildConfigurationList = 8CC1512A2B2B754C00B1FDD8 /* Build configuration list for PBXProject "qure.ai Calculator Test" */;
			compatibilityVersion = "Xcode 14.0";
			developmentRegion = en;
			hasScannedForEncodings = 0;
			knownRegions = (
				en,
				Base,
			);
			mainGroup = 8CC151262B2B754C00B1FDD8;
			productRefGroup = 8CC151302B2B754C00B1FDD8 /* Products */;
			projectDirPath = "";
			projectRoot = "";
			targets = (
				8CC1512E2B2B754C00B1FDD8 /* qure.ai Calculator Test */,
			);
		};
/* End PBXProject section */

/* Begin PBXResourcesBuildPhase section */
		8CC1512D2B2B754C00B1FDD8 /* Resources */ = {
			isa = PBXResourcesBuildPhase;
			buildActionMask = 2147483647;
			files = (
				8CC151422B2B754E00B1FDD8 /* LaunchScreen.storyboard in Resources */,
				8C0242CE2B2C964C00978209 /* SwitchTableViewCell.xib in Resources */,
				8CC1513F2B2B754E00B1FDD8 /* Assets.xcassets in Resources */,
				8CC1513A2B2B754C00B1FDD8 /* Main.storyboard in Resources */,
			);
			runOnlyForDeploymentPostprocessing = 0;
		};
/* End PBXResourcesBuildPhase section */

/* Begin PBXSourcesBuildPhase section */
		8CC1512B2B2B754C00B1FDD8 /* Sources */ = {
			isa = PBXSourcesBuildPhase;
			buildActionMask = 2147483647;
			files = (
				8C0242C82B2C92F600978209 /* CalculationHistoryViewController.swift in Sources */,
				8CC151522B2B774000B1FDD8 /* TextTableViewCell.swift in Sources */,
				8CC151642B2B799B00B1FDD8 /* UserPreferences.swift in Sources */,
				8CC151702B2B7B8700B1FDD8 /* Operation.swift in Sources */,
				8CC1516E2B2B7B4B00B1FDD8 /* HistoryButtonViewConverter.swift in Sources */,
				8CC151662B2B79F000B1FDD8 /* DataPersistence.swift in Sources */,
				8CC1516C2B2B7B1500B1FDD8 /* CopyOrPasteActionConverter.swift in Sources */,
				8CC151502B2B771300B1FDD8 /* RoundButton.swift in Sources */,
				8CC1515A2B2B784000B1FDD8 /* ImageTableViewCell.swift in Sources */,
				8CC151552B2B779500B1FDD8 /* SelectionTableViewCell.swift in Sources */,
				8CC151682B2B7A1A00B1FDD8 /* UIHelper.swift in Sources */,
				8CC151602B2B790800B1FDD8 /* UIWindow+isLandscape.swift in Sources */,
				8CC1516A2B2B7A8F00B1FDD8 /* ColourNumberConverter.swift in Sources */,
				8CC151332B2B754C00B1FDD8 /* AppDelegate.swift in Sources */,
				8C0242C62B2C92E600978209 /* SettingsSelectionViewController.swift in Sources */,
				8C4530DF2B2C7D4200B322DF /* DecimalViewController.swift in Sources */,
				8C0242C42B2C92B200978209 /* SettingsViewController.swift in Sources */,
				8CC1515C2B2B78BB00B1FDD8 /* Formatter+BinaryString.swift in Sources */,
				8CC151622B2B797300B1FDD8 /* StateController.swift in Sources */,
				8CC151722B2B7BA300B1FDD8 /* CalculationData.swift in Sources */,
				8C0242CD2B2C964C00978209 /* SwitchTableViewCell.swift in Sources */,
				8CC1515E2B2B78E600B1FDD8 /* Formatter+ScientificNotation.swift in Sources */,
				8CC151572B2B780300B1FDD8 /* SelectionSummaryTableViewCell.swift in Sources */,
				8CC1513D2B2B754C00B1FDD8 /* qure_ai_Calculator_Test.xcdatamodeld in Sources */,
				8CC151352B2B754C00B1FDD8 /* SceneDelegate.swift in Sources */,
			);
			runOnlyForDeploymentPostprocessing = 0;
		};
/* End PBXSourcesBuildPhase section */

/* Begin PBXVariantGroup section */
		8CC151382B2B754C00B1FDD8 /* Main.storyboard */ = {
			isa = PBXVariantGroup;
			children = (
				8CC151392B2B754C00B1FDD8 /* Base */,
			);
			name = Main.storyboard;
			sourceTree = "<group>";
		};
		8CC151402B2B754E00B1FDD8 /* LaunchScreen.storyboard */ = {
			isa = PBXVariantGroup;
			children = (
				8CC151412B2B754E00B1FDD8 /* Base */,
			);
			name = LaunchScreen.storyboard;
			sourceTree = "<group>";
		};
/* End PBXVariantGroup section */

/* Begin XCBuildConfiguration section */
		8CC151442B2B754E00B1FDD8 /* Debug */ = {
			isa = XCBuildConfiguration;
			buildSettings = {
				ALWAYS_SEARCH_USER_PATHS = NO;
				CLANG_ANALYZER_NONNULL = YES;
				CLANG_ANALYZER_NUMBER_OBJECT_CONVERSION = YES_AGGRESSIVE;
				CLANG_CXX_LANGUAGE_STANDARD = "gnu++20";
				CLANG_ENABLE_MODULES = YES;
				CLANG_ENABLE_OBJC_ARC = YES;
				CLANG_ENABLE_OBJC_WEAK = YES;
				CLANG_WARN_BLOCK_CAPTURE_AUTORELEASING = YES;
				CLANG_WARN_BOOL_CONVERSION = YES;
				CLANG_WARN_COMMA = YES;
				CLANG_WARN_CONSTANT_CONVERSION = YES;
				CLANG_WARN_DEPRECATED_OBJC_IMPLEMENTATIONS = YES;
				CLANG_WARN_DIRECT_OBJC_ISA_USAGE = YES_ERROR;
				CLANG_WARN_DOCUMENTATION_COMMENTS = YES;
				CLANG_WARN_EMPTY_BODY = YES;
				CLANG_WARN_ENUM_CONVERSION = YES;
				CLANG_WARN_INFINITE_RECURSION = YES;
				CLANG_WARN_INT_CONVERSION = YES;
				CLANG_WARN_NON_LITERAL_NULL_CONVERSION = YES;
				CLANG_WARN_OBJC_IMPLICIT_RETAIN_SELF = YES;
				CLANG_WARN_OBJC_LITERAL_CONVERSION = YES;
				CLANG_WARN_OBJC_ROOT_CLASS = YES_ERROR;
				CLANG_WARN_QUOTED_INCLUDE_IN_FRAMEWORK_HEADER = YES;
				CLANG_WARN_RANGE_LOOP_ANALYSIS = YES;
				CLANG_WARN_STRICT_PROTOTYPES = YES;
				CLANG_WARN_SUSPICIOUS_MOVE = YES;
				CLANG_WARN_UNGUARDED_AVAILABILITY = YES_AGGRESSIVE;
				CLANG_WARN_UNREACHABLE_CODE = YES;
				CLANG_WARN__DUPLICATE_METHOD_MATCH = YES;
				COPY_PHASE_STRIP = NO;
				DEBUG_INFORMATION_FORMAT = dwarf;
				ENABLE_STRICT_OBJC_MSGSEND = YES;
				ENABLE_TESTABILITY = YES;
				GCC_C_LANGUAGE_STANDARD = gnu11;
				GCC_DYNAMIC_NO_PIC = NO;
				GCC_NO_COMMON_BLOCKS = YES;
				GCC_OPTIMIZATION_LEVEL = 0;
				GCC_PREPROCESSOR_DEFINITIONS = (
					"DEBUG=1",
					"$(inherited)",
				);
				GCC_WARN_64_TO_32_BIT_CONVERSION = YES;
				GCC_WARN_ABOUT_RETURN_TYPE = YES_ERROR;
				GCC_WARN_UNDECLARED_SELECTOR = YES;
				GCC_WARN_UNINITIALIZED_AUTOS = YES_AGGRESSIVE;
				GCC_WARN_UNUSED_FUNCTION = YES;
				GCC_WARN_UNUSED_VARIABLE = YES;
				IPHONEOS_DEPLOYMENT_TARGET = 16.2;
				MTL_ENABLE_DEBUG_INFO = INCLUDE_SOURCE;
				MTL_FAST_MATH = YES;
				ONLY_ACTIVE_ARCH = YES;
				SDKROOT = iphoneos;
				SWIFT_ACTIVE_COMPILATION_CONDITIONS = DEBUG;
				SWIFT_OPTIMIZATION_LEVEL = "-Onone";
			};
			name = Debug;
		};
		8CC151452B2B754E00B1FDD8 /* Release */ = {
			isa = XCBuildConfiguration;
			buildSettings = {
				ALWAYS_SEARCH_USER_PATHS = NO;
				CLANG_ANALYZER_NONNULL = YES;
				CLANG_ANALYZER_NUMBER_OBJECT_CONVERSION = YES_AGGRESSIVE;
				CLANG_CXX_LANGUAGE_STANDARD = "gnu++20";
				CLANG_ENABLE_MODULES = YES;
				CLANG_ENABLE_OBJC_ARC = YES;
				CLANG_ENABLE_OBJC_WEAK = YES;
				CLANG_WARN_BLOCK_CAPTURE_AUTORELEASING = YES;
				CLANG_WARN_BOOL_CONVERSION = YES;
				CLANG_WARN_COMMA = YES;
				CLANG_WARN_CONSTANT_CONVERSION = YES;
				CLANG_WARN_DEPRECATED_OBJC_IMPLEMENTATIONS = YES;
				CLANG_WARN_DIRECT_OBJC_ISA_USAGE = YES_ERROR;
				CLANG_WARN_DOCUMENTATION_COMMENTS = YES;
				CLANG_WARN_EMPTY_BODY = YES;
				CLANG_WARN_ENUM_CONVERSION = YES;
				CLANG_WARN_INFINITE_RECURSION = YES;
				CLANG_WARN_INT_CONVERSION = YES;
				CLANG_WARN_NON_LITERAL_NULL_CONVERSION = YES;
				CLANG_WARN_OBJC_IMPLICIT_RETAIN_SELF = YES;
				CLANG_WARN_OBJC_LITERAL_CONVERSION = YES;
				CLANG_WARN_OBJC_ROOT_CLASS = YES_ERROR;
				CLANG_WARN_QUOTED_INCLUDE_IN_FRAMEWORK_HEADER = YES;
				CLANG_WARN_RANGE_LOOP_ANALYSIS = YES;
				CLANG_WARN_STRICT_PROTOTYPES = YES;
				CLANG_WARN_SUSPICIOUS_MOVE = YES;
				CLANG_WARN_UNGUARDED_AVAILABILITY = YES_AGGRESSIVE;
				CLANG_WARN_UNREACHABLE_CODE = YES;
				CLANG_WARN__DUPLICATE_METHOD_MATCH = YES;
				COPY_PHASE_STRIP = NO;
				DEBUG_INFORMATION_FORMAT = "dwarf-with-dsym";
				ENABLE_NS_ASSERTIONS = NO;
				ENABLE_STRICT_OBJC_MSGSEND = YES;
				GCC_C_LANGUAGE_STANDARD = gnu11;
				GCC_NO_COMMON_BLOCKS = YES;
				GCC_WARN_64_TO_32_BIT_CONVERSION = YES;
				GCC_WARN_ABOUT_RETURN_TYPE = YES_ERROR;
				GCC_WARN_UNDECLARED_SELECTOR = YES;
				GCC_WARN_UNINITIALIZED_AUTOS = YES_AGGRESSIVE;
				GCC_WARN_UNUSED_FUNCTION = YES;
				GCC_WARN_UNUSED_VARIABLE = YES;
				IPHONEOS_DEPLOYMENT_TARGET = 16.2;
				MTL_ENABLE_DEBUG_INFO = NO;
				MTL_FAST_MATH = YES;
				SDKROOT = iphoneos;
				SWIFT_COMPILATION_MODE = wholemodule;
				SWIFT_OPTIMIZATION_LEVEL = "-O";
				VALIDATE_PRODUCT = YES;
			};
			name = Release;
		};
		8CC151472B2B754E00B1FDD8 /* Debug */ = {
			isa = XCBuildConfiguration;
			buildSettings = {
				ASSETCATALOG_COMPILER_APPICON_NAME = AppIcon;
				ASSETCATALOG_COMPILER_GLOBAL_ACCENT_COLOR_NAME = AccentColor;
				CODE_SIGN_STYLE = Automatic;
				CURRENT_PROJECT_VERSION = 1;
				GENERATE_INFOPLIST_FILE = YES;
				INFOPLIST_FILE = "qure.ai Calculator Test/Info.plist";
				INFOPLIST_KEY_LSApplicationCategoryType = "public.app-category.utilities";
				INFOPLIST_KEY_UIApplicationSupportsIndirectInputEvents = YES;
				INFOPLIST_KEY_UILaunchStoryboardName = LaunchScreen;
				INFOPLIST_KEY_UIMainStoryboardFile = Main;
				INFOPLIST_KEY_UIStatusBarStyle = UIStatusBarStyleDarkContent;
				INFOPLIST_KEY_UISupportedInterfaceOrientations = UIInterfaceOrientationPortrait;
				INFOPLIST_KEY_UISupportedInterfaceOrientations_iPad = "UIInterfaceOrientationLandscapeLeft UIInterfaceOrientationLandscapeRight UIInterfaceOrientationPortrait UIInterfaceOrientationPortraitUpsideDown";
				IPHONEOS_DEPLOYMENT_TARGET = 13.0;
				LD_RUNPATH_SEARCH_PATHS = (
					"$(inherited)",
					"@executable_path/Frameworks",
				);
				MARKETING_VERSION = 1.0;
				PRODUCT_BUNDLE_IDENTIFIER = "com.me.qure-ai-Calculator-Test";
				PRODUCT_NAME = "$(TARGET_NAME)";
				SUPPORTED_PLATFORMS = "iphoneos iphonesimulator";
				SUPPORTS_MACCATALYST = NO;
				SUPPORTS_MAC_DESIGNED_FOR_IPHONE_IPAD = NO;
				SWIFT_EMIT_LOC_STRINGS = YES;
				SWIFT_VERSION = 5.0;
				TARGETED_DEVICE_FAMILY = "1,2";
			};
			name = Debug;
		};
		8CC151482B2B754E00B1FDD8 /* Release */ = {
			isa = XCBuildConfiguration;
			buildSettings = {
				ASSETCATALOG_COMPILER_APPICON_NAME = AppIcon;
				ASSETCATALOG_COMPILER_GLOBAL_ACCENT_COLOR_NAME = AccentColor;
				CODE_SIGN_STYLE = Automatic;
				CURRENT_PROJECT_VERSION = 1;
				GENERATE_INFOPLIST_FILE = YES;
				INFOPLIST_FILE = "qure.ai Calculator Test/Info.plist";
				INFOPLIST_KEY_LSApplicationCategoryType = "public.app-category.utilities";
				INFOPLIST_KEY_UIApplicationSupportsIndirectInputEvents = YES;
				INFOPLIST_KEY_UILaunchStoryboardName = LaunchScreen;
				INFOPLIST_KEY_UIMainStoryboardFile = Main;
				INFOPLIST_KEY_UIStatusBarStyle = UIStatusBarStyleDarkContent;
				INFOPLIST_KEY_UISupportedInterfaceOrientations = UIInterfaceOrientationPortrait;
				INFOPLIST_KEY_UISupportedInterfaceOrientations_iPad = "UIInterfaceOrientationLandscapeLeft UIInterfaceOrientationLandscapeRight UIInterfaceOrientationPortrait UIInterfaceOrientationPortraitUpsideDown";
				IPHONEOS_DEPLOYMENT_TARGET = 13.0;
				LD_RUNPATH_SEARCH_PATHS = (
					"$(inherited)",
					"@executable_path/Frameworks",
				);
				MARKETING_VERSION = 1.0;
				PRODUCT_BUNDLE_IDENTIFIER = "com.me.qure-ai-Calculator-Test";
				PRODUCT_NAME = "$(TARGET_NAME)";
				SUPPORTED_PLATFORMS = "iphoneos iphonesimulator";
				SUPPORTS_MACCATALYST = NO;
				SUPPORTS_MAC_DESIGNED_FOR_IPHONE_IPAD = NO;
				SWIFT_EMIT_LOC_STRINGS = YES;
				SWIFT_VERSION = 5.0;
				TARGETED_DEVICE_FAMILY = "1,2";
			};
			name = Release;
		};
/* End XCBuildConfiguration section */

/* Begin XCConfigurationList section */
		8CC1512A2B2B754C00B1FDD8 /* Build configuration list for PBXProject "qure.ai Calculator Test" */ = {
			isa = XCConfigurationList;
			buildConfigurations = (
				8CC151442B2B754E00B1FDD8 /* Debug */,
				8CC151452B2B754E00B1FDD8 /* Release */,
			);
			defaultConfigurationIsVisible = 0;
			defaultConfigurationName = Release;
		};
		8CC151462B2B754E00B1FDD8 /* Build configuration list for PBXNativeTarget "qure.ai Calculator Test" */ = {
			isa = XCConfigurationList;
			buildConfigurations = (
				8CC151472B2B754E00B1FDD8 /* Debug */,
				8CC151482B2B754E00B1FDD8 /* Release */,
			);
			defaultConfigurationIsVisible = 0;
			defaultConfigurationName = Release;
		};
/* End XCConfigurationList section */

/* Begin XCVersionGroup section */
		8CC1513B2B2B754C00B1FDD8 /* qure_ai_Calculator_Test.xcdatamodeld */ = {
			isa = XCVersionGroup;
			children = (
				8CC1513C2B2B754C00B1FDD8 /* qure_ai_Calculator_Test.xcdatamodel */,
			);
			currentVersion = 8CC1513C2B2B754C00B1FDD8 /* qure_ai_Calculator_Test.xcdatamodel */;
			path = qure_ai_Calculator_Test.xcdatamodeld;
			sourceTree = "<group>";
			versionGroupType = wrapper.xcdatamodel;
		};
/* End XCVersionGroup section */
	};
	rootObject = 8CC151272B2B754C00B1FDD8 /* Project object */;
}
